
Microsoft Visual Studio Solution File, Format Version 12.00
# Visual Studio 2017
Project("{FAE04EC0-301F-11D3-BF4B-00C04F79EFBC}") = "Dig Game 2D", "Dig Game 2D.csproj", "{2E4B2D57-E18D-3F8A-598D-30457382CE29}"
EndProject
Project("{FAE04EC0-301F-11D3-BF4B-00C04F79EFBC}") = "Dig Game 2D.Plugins", "Dig Game 2D.Plugins.csproj", "{58BC14F4-808F-7EBD-1A83-92B2C736095B}"
EndProject
Global
	GlobalSection(SolutionConfigurationPlatforms) = preSolution
		Debug|Any CPU = Debug|Any CPU
		Release|Any CPU = Release|Any CPU
	EndGlobalSection
	GlobalSection(ProjectConfigurationPlatforms) = postSolution
		{2E4B2D57-E18D-3F8A-598D-30457382CE29}.Debug|Any CPU.ActiveCfg = Debug|Any CPU
		{2E4B2D57-E18D-3F8A-598D-30457382CE29}.Debug|Any CPU.Build.0 = Debug|Any CPU
		{2E4B2D57-E18D-3F8A-598D-30457382CE29}.Release|Any CPU.ActiveCfg = Release|Any CPU
		{2E4B2D57-E18D-3F8A-598D-30457382CE29}.Release|Any CPU.Build.0 = Release|Any CPU
		{58BC14F4-808F-7EBD-1A83-92B2C736095B}.Debug|Any CPU.ActiveCfg = Debug|Any CPU
		{58BC14F4-808F-7EBD-1A83-92B2C736095B}.Debug|Any CPU.Build.0 = Debug|Any CPU
		{58BC14F4-808F-7EBD-1A83-92B2C736095B}.Release|Any CPU.ActiveCfg = Release|Any CPU
		{58BC14F4-808F-7EBD-1A83-92B2C736095B}.Release|Any CPU.Build.0 = Release|Any CPU
	EndGlobalSection
	GlobalSection(SolutionProperties) = preSolution
		HideSolutionNode = FALSE
	EndGlobalSection
EndGlobal
